
Microsoft Visual Studio Solution File, Format Version 12.00
# Visual Studio Version 16
VisualStudioVersion = 16.0.32002.261
MinimumVisualStudioVersion = 10.0.40219.1
Project("{FAE04EC0-301F-11D3-BF4B-00C04F79EFBC}") = "ProiectGraphics", "ProiectGraphics.csproj", "{5E83A050-51EB-4504-8AAE-F7275A480564}"
EndProject
Global
	GlobalSection(SolutionConfigurationPlatforms) = preSolution
		Debug|Any CPU = Debug|Any CPU
		Release|Any CPU = Release|Any CPU
	EndGlobalSection
	GlobalSection(ProjectConfigurationPlatforms) = postSolution
		{5E83A050-51EB-4504-8AAE-F7275A480564}.Debug|Any CPU.ActiveCfg = Debug|Any CPU
		{5E83A050-51EB-4504-8AAE-F7275A480564}.Debug|Any CPU.Build.0 = Debug|Any CPU
		{5E83A050-51EB-4504-8AAE-F7275A480564}.Release|Any CPU.ActiveCfg = Release|Any CPU
		{5E83A050-51EB-4504-8AAE-F7275A480564}.Release|Any CPU.Build.0 = Release|Any CPU
	EndGlobalSection
	GlobalSection(SolutionProperties) = preSolution
		HideSolutionNode = FALSE
	EndGlobalSection
	GlobalSection(ExtensibilityGlobals) = postSolution
		SolutionGuid = {4C4B5738-146B-4651-8579-8006760F7BF1}
	EndGlobalSection
EndGlobal
